{
  "name": "raddle-fluent",
  "version": "0.0.1",
  "lockfileVersion": 1,
  "requires": true,
  "dependencies": {
    "array-last-item": {
      "version": "0.0.7",
      "resolved": "https://registry.npmjs.org/array-last-item/-/array-last-item-0.0.7.tgz",
      "integrity": "sha512-NcKY1CfI1FUJuoo3veQeSDL7hwgZ/zWFvptYvDqyXaenITBWxgcmm/EBc2TloRcSPAAYiS8oJhHWPBWqx1DvBw=="
    },
    "l3n": {
      "version": "0.1.1",
      "resolved": "https://registry.npmjs.org/l3n/-/l3n-0.1.1.tgz",
      "integrity": "sha512-L25KwRHVvHDJt7PGVKy9vLHqzFhwlnbBgdzS2qYsxCP+y5gHfIUZ7RWlbJcFyA/C7+yY0jsXygV2mze8exOK2g==",
      "requires": {
        "array-last-item": "0.0.7",
        "ohamt": "0.0.9",
        "rrb-vector": "0.0.7",
        "rxjs": "^6.2.1"
      }
    },
    "ohamt": {
      "version": "0.0.9",
      "resolved": "https://registry.npmjs.org/ohamt/-/ohamt-0.0.9.tgz",
      "integrity": "sha1-+fYEab+rswbJY2/c80LCwYp6nNE="
    },
    "rrb-vector": {
      "version": "0.0.7",
      "resolved": "https://registry.npmjs.org/rrb-vector/-/rrb-vector-0.0.7.tgz",
      "integrity": "sha1-WUERdRfTibsQriD9IQl1UX6jD3k="
    },
    "rxjs": {
      "version": "6.3.3",
      "resolved": "https://registry.npmjs.org/rxjs/-/rxjs-6.3.3.tgz",
      "integrity": "sha512-JTWmoY9tWCs7zvIk/CvRjhjGaOd+OVBM987mxFo+OW66cGpdKjZcpmc74ES1sB//7Kl/PAe8+wEakuhG4pcgOw==",
      "requires": {
        "tslib": "^1.9.0"
      }
    },
    "tslib": {
      "version": "1.9.3",
      "resolved": "https://registry.npmjs.org/tslib/-/tslib-1.9.3.tgz",
      "integrity": "sha512-4krF8scpejhaOgqzBEcGM7yDIEfi0/8+8zDRZhNZZ2kjmHJ4hv3zCbQWxoJGz1iw5U0Jl0nma13xzHXcncMavQ=="
    }
  }
}
